{
  "version": 4,
  "terraform_version": "1.12.2",
  "serial": 114,
  "lineage": "399545b6-8a0f-f843-49e0-d478eb0804f1",
  "outputs": {},
  "resources": [
    {
      "mode": "managed",
      "type": "proxmox_virtual_environment_container",
      "name": "centos_container_211",
      "provider": "provider[\"registry.terraform.io/bpg/proxmox\"]",
      "instances": [
        {
          "schema_version": 0,
          "attributes": {
            "clone": [],
            "console": [],
            "cpu": [],
            "description": "Managed by Terraform\n",
            "device_passthrough": [],
            "disk": [
              {
                "datastore_id": "vmdata",
                "size": 4
              }
            ],
            "features": [],
            "hook_script_file_id": null,
            "id": "211",
            "initialization": [
              {
                "dns": [],
                "hostname": "centos-211",
                "ip_config": [
                  {
                    "ipv4": [
                      {
                        "address": "dhcp",
                        "gateway": ""
                      }
                    ],
                    "ipv6": []
                  }
                ],
                "user_account": [
                  {
                    "keys": [
                      "ssh-rsa AAAAB3NzaC1yc2EAAAADAQABAAABAQDJ5soT85FocjxKEQ2EAN0/anYLnPVj6F2yCh6d5iDsSPI3lY7vom2FbO+kT3EmvRLGAP682/vkO/pNySaQnklxnx0ngsDCGRDIdVSWlM1BYhB7JTnDHjJV10wYbNFlSSPTZuJW9pDcirGw3Gi+YIj5N17i9ku/oxXk5cfD6+LXPGBqDo8kZEwYp5rxdhr1w4y3KFfXCBKHkO17iSC7cmBZOU2cwIjSmqRTzew6cmt8wBeTJoWJ3V+ieHKG1/B1GLLzQFiuq20W5NYZFaULxQsP8hJblogW6fY3UkoNgU/bo91lhCBqCW2KfnMqf2f8OdCCzH0pPlRn1IvSA3Y9IQVp"
                    ],
                    "password": "rootroot"
                  }
                ]
              }
            ],
            "memory": [],
            "mount_point": [
              {
                "acl": false,
                "backup": false,
                "mount_options": null,
                "path": "/mnt/volume",
                "quota": false,
                "read_only": false,
                "replicate": true,
                "shared": false,
                "size": "10G",
                "volume": "vmdata:subvol-211-disk-1"
              }
            ],
            "network_interface": [
              {
                "bridge": "vmbr201",
                "enabled": true,
                "firewall": false,
                "mac_address": "BC:24:11:71:0B:74",
                "mtu": 0,
                "name": "veth0",
                "rate_limit": 0,
                "vlan_id": 0
              }
            ],
            "node_name": "tf-bm-exciting-bouman",
            "operating_system": [
              {
                "template_file_id": "local:vztmpl/debian-12-standard_12.7-1_amd64.tar.zst",
                "type": "debian"
              }
            ],
            "pool_id": null,
            "protection": false,
            "start_on_boot": true,
            "started": true,
            "startup": [
              {
                "down_delay": 60,
                "order": 3,
                "up_delay": 60
              }
            ],
            "tags": null,
            "template": false,
            "timeout_clone": 1800,
            "timeout_create": 1800,
            "timeout_delete": 60,
            "timeout_start": 300,
            "timeout_update": 1800,
            "unprivileged": false,
            "vm_id": 211
          },
          "sensitive_attributes": [
            [
              {
                "type": "get_attr",
                "value": "initialization"
              },
              {
                "type": "index",
                "value": {
                  "value": 0,
                  "type": "number"
                }
              },
              {
                "type": "get_attr",
                "value": "user_account"
              },
              {
                "type": "index",
                "value": {
                  "value": 0,
                  "type": "number"
                }
              },
              {
                "type": "get_attr",
                "value": "password"
              }
            ]
          ],
          "identity_schema_version": 0,
          "private": "bnVsbA=="
        }
      ]
    },
    {
      "mode": "managed",
      "type": "proxmox_virtual_environment_container",
      "name": "debian_container_208",
      "provider": "provider[\"registry.terraform.io/bpg/proxmox\"]",
      "instances": [
        {
          "schema_version": 0,
          "attributes": {
            "clone": [],
            "console": [],
            "cpu": [],
            "description": "Managed by Terraform\n",
            "device_passthrough": [],
            "disk": [
              {
                "datastore_id": "vmdata",
                "size": 4
              }
            ],
            "features": [],
            "hook_script_file_id": null,
            "id": "208",
            "initialization": [
              {
                "dns": [],
                "hostname": "debian-208",
                "ip_config": [
                  {
                    "ipv4": [
                      {
                        "address": "dhcp",
                        "gateway": ""
                      }
                    ],
                    "ipv6": []
                  }
                ],
                "user_account": [
                  {
                    "keys": [
                      "ssh-rsa AAAAB3NzaC1yc2EAAAADAQABAAABAQDJ5soT85FocjxKEQ2EAN0/anYLnPVj6F2yCh6d5iDsSPI3lY7vom2FbO+kT3EmvRLGAP682/vkO/pNySaQnklxnx0ngsDCGRDIdVSWlM1BYhB7JTnDHjJV10wYbNFlSSPTZuJW9pDcirGw3Gi+YIj5N17i9ku/oxXk5cfD6+LXPGBqDo8kZEwYp5rxdhr1w4y3KFfXCBKHkO17iSC7cmBZOU2cwIjSmqRTzew6cmt8wBeTJoWJ3V+ieHKG1/B1GLLzQFiuq20W5NYZFaULxQsP8hJblogW6fY3UkoNgU/bo91lhCBqCW2KfnMqf2f8OdCCzH0pPlRn1IvSA3Y9IQVp"
                    ],
                    "password": "rootroot"
                  }
                ]
              }
            ],
            "memory": [],
            "mount_point": [
              {
                "acl": false,
                "backup": false,
                "mount_options": null,
                "path": "/mnt/volume",
                "quota": false,
                "read_only": false,
                "replicate": true,
                "shared": false,
                "size": "10G",
                "volume": "vmdata:subvol-208-disk-1"
              }
            ],
            "network_interface": [
              {
                "bridge": "vmbr201",
                "enabled": true,
                "firewall": false,
                "mac_address": "BC:24:11:05:74:26",
                "mtu": 0,
                "name": "veth0",
                "rate_limit": 0,
                "vlan_id": 0
              }
            ],
            "node_name": "tf-bm-exciting-bouman",
            "operating_system": [
              {
                "template_file_id": "local:vztmpl/debian-12-standard_12.7-1_amd64.tar.zst",
                "type": "debian"
              }
            ],
            "pool_id": null,
            "protection": false,
            "start_on_boot": true,
            "started": true,
            "startup": [
              {
                "down_delay": 60,
                "order": 3,
                "up_delay": 60
              }
            ],
            "tags": null,
            "template": false,
            "timeout_clone": 1800,
            "timeout_create": 1800,
            "timeout_delete": 60,
            "timeout_start": 300,
            "timeout_update": 1800,
            "unprivileged": false,
            "vm_id": 208
          },
          "sensitive_attributes": [
            [
              {
                "type": "get_attr",
                "value": "initialization"
              },
              {
                "type": "index",
                "value": {
                  "value": 0,
                  "type": "number"
                }
              },
              {
                "type": "get_attr",
                "value": "user_account"
              },
              {
                "type": "index",
                "value": {
                  "value": 0,
                  "type": "number"
                }
              },
              {
                "type": "get_attr",
                "value": "password"
              }
            ]
          ],
          "identity_schema_version": 0,
          "private": "bnVsbA=="
        }
      ]
    },
    {
      "mode": "managed",
      "type": "proxmox_virtual_environment_container",
      "name": "debian_container_209",
      "provider": "provider[\"registry.terraform.io/bpg/proxmox\"]",
      "instances": [
        {
          "schema_version": 0,
          "attributes": {
            "clone": [],
            "console": [],
            "cpu": [],
            "description": "Managed by Terraform\n",
            "device_passthrough": [],
            "disk": [
              {
                "datastore_id": "vmdata",
                "size": 4
              }
            ],
            "features": [],
            "hook_script_file_id": null,
            "id": "209",
            "initialization": [
              {
                "dns": [],
                "hostname": "debian-209",
                "ip_config": [
                  {
                    "ipv4": [
                      {
                        "address": "dhcp",
                        "gateway": ""
                      }
                    ],
                    "ipv6": []
                  }
                ],
                "user_account": [
                  {
                    "keys": [
                      "ssh-rsa AAAAB3NzaC1yc2EAAAADAQABAAABAQDJ5soT85FocjxKEQ2EAN0/anYLnPVj6F2yCh6d5iDsSPI3lY7vom2FbO+kT3EmvRLGAP682/vkO/pNySaQnklxnx0ngsDCGRDIdVSWlM1BYhB7JTnDHjJV10wYbNFlSSPTZuJW9pDcirGw3Gi+YIj5N17i9ku/oxXk5cfD6+LXPGBqDo8kZEwYp5rxdhr1w4y3KFfXCBKHkO17iSC7cmBZOU2cwIjSmqRTzew6cmt8wBeTJoWJ3V+ieHKG1/B1GLLzQFiuq20W5NYZFaULxQsP8hJblogW6fY3UkoNgU/bo91lhCBqCW2KfnMqf2f8OdCCzH0pPlRn1IvSA3Y9IQVp"
                    ],
                    "password": "rootroot"
                  }
                ]
              }
            ],
            "memory": [],
            "mount_point": [
              {
                "acl": false,
                "backup": false,
                "mount_options": null,
                "path": "/mnt/volume",
                "quota": false,
                "read_only": false,
                "replicate": true,
                "shared": false,
                "size": "10G",
                "volume": "vmdata:subvol-209-disk-1"
              }
            ],
            "network_interface": [
              {
                "bridge": "vmbr201",
                "enabled": true,
                "firewall": false,
                "mac_address": "BC:24:11:89:DA:33",
                "mtu": 0,
                "name": "veth0",
                "rate_limit": 0,
                "vlan_id": 0
              }
            ],
            "node_name": "tf-bm-exciting-bouman",
            "operating_system": [
              {
                "template_file_id": "local:vztmpl/debian-12-standard_12.7-1_amd64.tar.zst",
                "type": "debian"
              }
            ],
            "pool_id": null,
            "protection": false,
            "start_on_boot": true,
            "started": true,
            "startup": [
              {
                "down_delay": 60,
                "order": 3,
                "up_delay": 60
              }
            ],
            "tags": null,
            "template": false,
            "timeout_clone": 1800,
            "timeout_create": 1800,
            "timeout_delete": 60,
            "timeout_start": 300,
            "timeout_update": 1800,
            "unprivileged": false,
            "vm_id": 209
          },
          "sensitive_attributes": [
            [
              {
                "type": "get_attr",
                "value": "initialization"
              },
              {
                "type": "index",
                "value": {
                  "value": 0,
                  "type": "number"
                }
              },
              {
                "type": "get_attr",
                "value": "user_account"
              },
              {
                "type": "index",
                "value": {
                  "value": 0,
                  "type": "number"
                }
              },
              {
                "type": "get_attr",
                "value": "password"
              }
            ]
          ],
          "identity_schema_version": 0,
          "private": "bnVsbA=="
        }
      ]
    },
    {
      "mode": "managed",
      "type": "proxmox_virtual_environment_container",
      "name": "debian_container_210",
      "provider": "provider[\"registry.terraform.io/bpg/proxmox\"]",
      "instances": [
        {
          "schema_version": 0,
          "attributes": {
            "clone": [],
            "console": [],
            "cpu": [],
            "description": "Managed by Terraform\n",
            "device_passthrough": [],
            "disk": [
              {
                "datastore_id": "vmdata",
                "size": 4
              }
            ],
            "features": [],
            "hook_script_file_id": null,
            "id": "210",
            "initialization": [
              {
                "dns": [],
                "hostname": "debian-210",
                "ip_config": [
                  {
                    "ipv4": [
                      {
                        "address": "dhcp",
                        "gateway": ""
                      }
                    ],
                    "ipv6": []
                  }
                ],
                "user_account": [
                  {
                    "keys": [
                      "ssh-rsa AAAAB3NzaC1yc2EAAAADAQABAAABAQDJ5soT85FocjxKEQ2EAN0/anYLnPVj6F2yCh6d5iDsSPI3lY7vom2FbO+kT3EmvRLGAP682/vkO/pNySaQnklxnx0ngsDCGRDIdVSWlM1BYhB7JTnDHjJV10wYbNFlSSPTZuJW9pDcirGw3Gi+YIj5N17i9ku/oxXk5cfD6+LXPGBqDo8kZEwYp5rxdhr1w4y3KFfXCBKHkO17iSC7cmBZOU2cwIjSmqRTzew6cmt8wBeTJoWJ3V+ieHKG1/B1GLLzQFiuq20W5NYZFaULxQsP8hJblogW6fY3UkoNgU/bo91lhCBqCW2KfnMqf2f8OdCCzH0pPlRn1IvSA3Y9IQVp"
                    ],
                    "password": "rootroot"
                  }
                ]
              }
            ],
            "memory": [],
            "mount_point": [
              {
                "acl": false,
                "backup": false,
                "mount_options": null,
                "path": "/mnt/volume",
                "quota": false,
                "read_only": false,
                "replicate": true,
                "shared": false,
                "size": "10G",
                "volume": "vmdata:subvol-210-disk-1"
              }
            ],
            "network_interface": [
              {
                "bridge": "vmbr201",
                "enabled": true,
                "firewall": false,
                "mac_address": "BC:24:11:03:AE:4B",
                "mtu": 0,
                "name": "veth0",
                "rate_limit": 0,
                "vlan_id": 0
              }
            ],
            "node_name": "tf-bm-exciting-bouman",
            "operating_system": [
              {
                "template_file_id": "local:vztmpl/debian-12-standard_12.7-1_amd64.tar.zst",
                "type": "debian"
              }
            ],
            "pool_id": null,
            "protection": false,
            "start_on_boot": true,
            "started": true,
            "startup": [
              {
                "down_delay": 60,
                "order": 3,
                "up_delay": 60
              }
            ],
            "tags": null,
            "template": false,
            "timeout_clone": 1800,
            "timeout_create": 1800,
            "timeout_delete": 60,
            "timeout_start": 300,
            "timeout_update": 1800,
            "unprivileged": false,
            "vm_id": 210
          },
          "sensitive_attributes": [
            [
              {
                "type": "get_attr",
                "value": "initialization"
              },
              {
                "type": "index",
                "value": {
                  "value": 0,
                  "type": "number"
                }
              },
              {
                "type": "get_attr",
                "value": "user_account"
              },
              {
                "type": "index",
                "value": {
                  "value": 0,
                  "type": "number"
                }
              },
              {
                "type": "get_attr",
                "value": "password"
              }
            ]
          ],
          "identity_schema_version": 0,
          "private": "bnVsbA=="
        }
      ]
    }
  ],
  "check_results": null
}
